<?xml version="1.0" encoding="utf-8"?>
<Project ToolsVersion="4.0" xmlns="http://schemas.microsoft.com/developer/msbuild/2003">
  <ItemGroup>
    <ClCompile Include="01 继承的基本语法.cpp" />
    <ClCompile Include="02 继承方式.cpp" />
    <ClCompile Include="03 继承中的对象模型.cpp" />
    <ClCompile Include="04 继承中的构造和析构顺序.cpp" />
    <ClCompile Include="05 继承同名成员处理方式.cpp" />
    <ClCompile Include="06 同名静态成员处理.cpp" />
    <ClCompile Include="07 多继承语法.cpp" />
    <ClCompile Include="08 菱形继承.cpp" />
  </ItemGroup>
</Project>