
Microsoft Visual Studio Solution File, Format Version 12.00
# Visual Studio Version 17
VisualStudioVersion = 17.2.32630.192
MinimumVisualStudioVersion = 10.0.40219.1
Project("{8BC9CEB8-8B4A-11D0-8D11-00A0C91BC942}") = "messageLoop", "messageLoop\messageLoop.vcxproj", "{14B5DCE4-9BA1-43C3-A9FF-086D068FF6E8}"
EndProject
Global
	GlobalSection(SolutionConfigurationPlatforms) = preSolution
		Debug|x64 = Debug|x64
		Debug|x86 = Debug|x86
		Release|x64 = Release|x64
		Release|x86 = Release|x86
	EndGlobalSection
	GlobalSection(ProjectConfigurationPlatforms) = postSolution
		{14B5DCE4-9BA1-43C3-A9FF-086D068FF6E8}.Debug|x64.ActiveCfg = Debug|x64
		{14B5DCE4-9BA1-43C3-A9FF-086D068FF6E8}.Debug|x64.Build.0 = Debug|x64
		{14B5DCE4-9BA1-43C3-A9FF-086D068FF6E8}.Debug|x86.ActiveCfg = Debug|Win32
		{14B5DCE4-9BA1-43C3-A9FF-086D068FF6E8}.Debug|x86.Build.0 = Debug|Win32
		{14B5DCE4-9BA1-43C3-A9FF-086D068FF6E8}.Release|x64.ActiveCfg = Release|x64
		{14B5DCE4-9BA1-43C3-A9FF-086D068FF6E8}.Release|x64.Build.0 = Release|x64
		{14B5DCE4-9BA1-43C3-A9FF-086D068FF6E8}.Release|x86.ActiveCfg = Release|Win32
		{14B5DCE4-9BA1-43C3-A9FF-086D068FF6E8}.Release|x86.Build.0 = Release|Win32
	EndGlobalSection
	GlobalSection(SolutionProperties) = preSolution
		HideSolutionNode = FALSE
	EndGlobalSection
	GlobalSection(ExtensibilityGlobals) = postSolution
		SolutionGuid = {F73646BE-4415-4DC6-B063-FCA984E9D5EB}
	EndGlobalSection
EndGlobal
